// !$*UTF8*$!
{
	archiveVersion = 1;
	classes = {
	};
	objectVersion = 52;
	objects = {

/* Begin PBXBuildFile section */
		C30958CD2541BCD6006C0CB5 /* NewCategoryView.swift in Sources */ = {isa = PBXBuildFile; fileRef = C30958CC2541BCD6006C0CB5 /* NewCategoryView.swift */; };
		C30958D02541C528006C0CB5 /* NewCategoryStyleView.swift in Sources */ = {isa = PBXBuildFile; fileRef = C30958CF2541C528006C0CB5 /* NewCategoryStyleView.swift */; };
		C30958D32541CC82006C0CB5 /* EmojiTextField.swift in Sources */ = {isa = PBXBuildFile; fileRef = C30958D22541CC82006C0CB5 /* EmojiTextField.swift */; };
		C31AE93F254B4017002B5A2F /* PieReportChartView.swift in Sources */ = {isa = PBXBuildFile; fileRef = C31AE93E254B4017002B5A2F /* PieReportChartView.swift */; };
		C326DF74254D8A1C006B50D0 /* ReportPaymentMethodGroupingDetailView.swift in Sources */ = {isa = PBXBuildFile; fileRef = C326DF73254D8A1C006B50D0 /* ReportPaymentMethodGroupingDetailView.swift */; };
		C326DF77254D91BF006B50D0 /* ReportCategoryGroupingDetailView.swift in Sources */ = {isa = PBXBuildFile; fileRef = C326DF76254D91BF006B50D0 /* ReportCategoryGroupingDetailView.swift */; };
		C326DF7A254DB8D7006B50D0 /* AddBudgetView.swift in Sources */ = {isa = PBXBuildFile; fileRef = C326DF79254DB8D7006B50D0 /* AddBudgetView.swift */; };
		C326DF7D254DC224006B50D0 /* ConfigureBudgetView.swift in Sources */ = {isa = PBXBuildFile; fileRef = C326DF7C254DC224006B50D0 /* ConfigureBudgetView.swift */; };
		C326DF80254DCEDC006B50D0 /* BudgetFetcherOperation.swift in Sources */ = {isa = PBXBuildFile; fileRef = C326DF7F254DCEDC006B50D0 /* BudgetFetcherOperation.swift */; };
		C328825A2464894100F846DC /* AppDelegate.swift in Sources */ = {isa = PBXBuildFile; fileRef = C32882592464894100F846DC /* AppDelegate.swift */; };
		C328825C2464894100F846DC /* SceneDelegate.swift in Sources */ = {isa = PBXBuildFile; fileRef = C328825B2464894100F846DC /* SceneDelegate.swift */; };
		C328825E2464894100F846DC /* ContentView.swift in Sources */ = {isa = PBXBuildFile; fileRef = C328825D2464894100F846DC /* ContentView.swift */; };
		C32882602464894900F846DC /* Assets.xcassets in Resources */ = {isa = PBXBuildFile; fileRef = C328825F2464894900F846DC /* Assets.xcassets */; };
		C32882632464894900F846DC /* Preview Assets.xcassets in Resources */ = {isa = PBXBuildFile; fileRef = C32882622464894900F846DC /* Preview Assets.xcassets */; };
		C32882662464894900F846DC /* LaunchScreen.storyboard in Resources */ = {isa = PBXBuildFile; fileRef = C32882642464894900F846DC /* LaunchScreen.storyboard */; };
		C3288274246489FD00F846DC /* APIService.swift in Sources */ = {isa = PBXBuildFile; fileRef = C328826F246489FD00F846DC /* APIService.swift */; };
		C3288275246489FD00F846DC /* Util.swift in Sources */ = {isa = PBXBuildFile; fileRef = C3288270246489FD00F846DC /* Util.swift */; };
		C3288276246489FD00F846DC /* API.swift in Sources */ = {isa = PBXBuildFile; fileRef = C3288271246489FD00F846DC /* API.swift */; };
		C3288277246489FD00F846DC /* URLImage.swift in Sources */ = {isa = PBXBuildFile; fileRef = C3288272246489FD00F846DC /* URLImage.swift */; };
		C3288278246489FD00F846DC /* Design.swift in Sources */ = {isa = PBXBuildFile; fileRef = C3288273246489FD00F846DC /* Design.swift */; };
		C328827A24648A3100F846DC /* XpenseView.swift in Sources */ = {isa = PBXBuildFile; fileRef = C328827924648A3100F846DC /* XpenseView.swift */; };
		C328827C2469C3C400F846DC /* SwiftUIView.swift in Sources */ = {isa = PBXBuildFile; fileRef = C328827B2469C3C400F846DC /* SwiftUIView.swift */; };
		C333A32625662D0200017374 /* CloudKit.framework in Frameworks */ = {isa = PBXBuildFile; fileRef = C333A32525662D0200017374 /* CloudKit.framework */; };
		C3369D8B2532063100CA5647 /* CurrencyValue.swift in Sources */ = {isa = PBXBuildFile; fileRef = C3369D8A2532063100CA5647 /* CurrencyValue.swift */; };
		C3369D8F2532069000CA5647 /* DisplayCurrencyValue.swift in Sources */ = {isa = PBXBuildFile; fileRef = C3369D8E2532069000CA5647 /* DisplayCurrencyValue.swift */; };
		C3369D9E253212DF00CA5647 /* Financial.xcdatamodeld in Sources */ = {isa = PBXBuildFile; fileRef = C3369D9C253212DF00CA5647 /* Financial.xcdatamodeld */; };
		C3369DA1253213EF00CA5647 /* PaymentMethodTypes.swift in Sources */ = {isa = PBXBuildFile; fileRef = C3369DA0253213EF00CA5647 /* PaymentMethodTypes.swift */; };
		C3369DA52532152500CA5647 /* CoreDataManager.swift in Sources */ = {isa = PBXBuildFile; fileRef = C3369DA42532152500CA5647 /* CoreDataManager.swift */; };
		C3369DA92532226000CA5647 /* CurrencyHelper.swift in Sources */ = {isa = PBXBuildFile; fileRef = C3369DA82532226000CA5647 /* CurrencyHelper.swift */; };
		C3369DAE2532244F00CA5647 /* CreatePaymentMethodView.swift in Sources */ = {isa = PBXBuildFile; fileRef = C3369DAD2532244F00CA5647 /* CreatePaymentMethodView.swift */; };
		C3369DB22532364300CA5647 /* ModalView.swift in Sources */ = {isa = PBXBuildFile; fileRef = C3369DB12532364300CA5647 /* ModalView.swift */; };
		C3369DB62532499B00CA5647 /* CurrencyTextField.swift in Sources */ = {isa = PBXBuildFile; fileRef = C3369DB52532499B00CA5647 /* CurrencyTextField.swift */; };
		C3369DBB2532580B00CA5647 /* SPAlert in Frameworks */ = {isa = PBXBuildFile; productRef = C3369DBA2532580B00CA5647 /* SPAlert */; };
		C3373EB3255711CC0020C4CC /* PrivacyPolicyView.swift in Sources */ = {isa = PBXBuildFile; fileRef = C3373EB2255711CC0020C4CC /* PrivacyPolicyView.swift */; };
		C3373EB72557126D0020C4CC /* PrivacyPolicy.html in Resources */ = {isa = PBXBuildFile; fileRef = C3373EB62557126D0020C4CC /* PrivacyPolicy.html */; };
		C3373EBA255715EA0020C4CC /* SetupSecurityView.swift in Sources */ = {isa = PBXBuildFile; fileRef = C3373EB9255715EA0020C4CC /* SetupSecurityView.swift */; };
		C3373EBE25571C910020C4CC /* MailView.swift in Sources */ = {isa = PBXBuildFile; fileRef = C3373EBD25571C910020C4CC /* MailView.swift */; };
		C3373EC125571DA10020C4CC /* FeedbackView.swift in Sources */ = {isa = PBXBuildFile; fileRef = C3373EC025571DA10020C4CC /* FeedbackView.swift */; };
		C35D419D251F9D3800B45BD7 /* SettingsView.swift in Sources */ = {isa = PBXBuildFile; fileRef = C35D419C251F9D3800B45BD7 /* SettingsView.swift */; };
		C35D41A0251FA96600B45BD7 /* CategoriesView.swift in Sources */ = {isa = PBXBuildFile; fileRef = C35D419F251FA96600B45BD7 /* CategoriesView.swift */; };
		C35D41A3251FAAEE00B45BD7 /* CategoriesGrid.swift in Sources */ = {isa = PBXBuildFile; fileRef = C35D41A2251FAAEE00B45BD7 /* CategoriesGrid.swift */; };
		C35D41AA251FBC9000B45BD7 /* SFSafeSymbols in Frameworks */ = {isa = PBXBuildFile; productRef = C35D41A9251FBC9000B45BD7 /* SFSafeSymbols */; };
		C35D41B12520F07F00B45BD7 /* AddExpenseView.swift in Sources */ = {isa = PBXBuildFile; fileRef = C35D41B02520F07F00B45BD7 /* AddExpenseView.swift */; };
		C35D41B5252CEA3900B45BD7 /* WalletView.swift in Sources */ = {isa = PBXBuildFile; fileRef = C35D41B4252CEA3800B45BD7 /* WalletView.swift */; };
		C35D41B9252E37D100B45BD7 /* CardListDetailView.swift in Sources */ = {isa = PBXBuildFile; fileRef = C35D41B8252E37CF00B45BD7 /* CardListDetailView.swift */; };
		C35D41BC2531D60900B45BD7 /* TransactionCellView.swift in Sources */ = {isa = PBXBuildFile; fileRef = C35D41BB2531D60800B45BD7 /* TransactionCellView.swift */; };
		C363209B2552F33E00DBEC08 /* Constants.swift in Sources */ = {isa = PBXBuildFile; fileRef = C363209A2552F33E00DBEC08 /* Constants.swift */; };
		C36320A12553041A00DBEC08 /* ReminderDetailView.swift in Sources */ = {isa = PBXBuildFile; fileRef = C36320A02553041A00DBEC08 /* ReminderDetailView.swift */; };
		C36320A525530E5000DBEC08 /* UserSettings.swift in Sources */ = {isa = PBXBuildFile; fileRef = C36320A425530E5000DBEC08 /* UserSettings.swift */; };
		C369F62625572A5A008712E0 /* TermsOfUseView.swift in Sources */ = {isa = PBXBuildFile; fileRef = C369F62525572A5A008712E0 /* TermsOfUseView.swift */; };
		C369F62925572AA4008712E0 /* TermsOfUse.html in Resources */ = {isa = PBXBuildFile; fileRef = C369F62825572AA4008712E0 /* TermsOfUse.html */; };
		C369F62C255AE43D008712E0 /* GoogleService-Info.plist in Resources */ = {isa = PBXBuildFile; fileRef = C369F62B255AE43D008712E0 /* GoogleService-Info.plist */; };
		C369F631255AE6BD008712E0 /* FirebaseAnalytics in Frameworks */ = {isa = PBXBuildFile; productRef = C369F630255AE6BD008712E0 /* FirebaseAnalytics */; };
		C369F633255AE6BD008712E0 /* FirebaseCrashlytics in Frameworks */ = {isa = PBXBuildFile; productRef = C369F632255AE6BD008712E0 /* FirebaseCrashlytics */; };
		C36D757F254E106A000596E2 /* KeyboardUtil.swift in Sources */ = {isa = PBXBuildFile; fileRef = C36D757E254E1069000596E2 /* KeyboardUtil.swift */; };
		C380513125436E6000580A1E /* Persistence+CategorySeed.swift in Sources */ = {isa = PBXBuildFile; fileRef = C380513025436E6000580A1E /* Persistence+CategorySeed.swift */; };
		C381C4B32544A557002DB1D7 /* DateFormat.swift in Sources */ = {isa = PBXBuildFile; fileRef = C381C4B22544A557002DB1D7 /* DateFormat.swift */; };
		C381C4B62545D0B4002DB1D7 /* TransactionListView.swift in Sources */ = {isa = PBXBuildFile; fileRef = C381C4B52545D0B4002DB1D7 /* TransactionListView.swift */; };
		C381C4CA254760BC002DB1D7 /* BarChart in Frameworks */ = {isa = PBXBuildFile; productRef = C381C4C9254760BC002DB1D7 /* BarChart */; };
		C381C4D625489C14002DB1D7 /* SwiftUICharts in Frameworks */ = {isa = PBXBuildFile; productRef = C381C4D525489C14002DB1D7 /* SwiftUICharts */; };
		C381C4D92549C973002DB1D7 /* ReportsView.swift in Sources */ = {isa = PBXBuildFile; fileRef = C381C4D82549C973002DB1D7 /* ReportsView.swift */; };
		C38912062532BD4700A646AD /* Persistence.swift in Sources */ = {isa = PBXBuildFile; fileRef = C38912052532BD4700A646AD /* Persistence.swift */; };
		C389120B253E133000A646AD /* Introspect in Frameworks */ = {isa = PBXBuildFile; productRef = C389120A253E133000A646AD /* Introspect */; };
		C389120F2540A5C700A646AD /* Common.swift in Sources */ = {isa = PBXBuildFile; fileRef = C389120E2540A5C700A646AD /* Common.swift */; };
		C3A2342B254C95B2000B8A11 /* PartialSheet in Frameworks */ = {isa = PBXBuildFile; productRef = C3A2342A254C95B2000B8A11 /* PartialSheet */; };
		C3B7072C25533ED400CD5E66 /* TopUpIconDisplayView.swift in Sources */ = {isa = PBXBuildFile; fileRef = C3B7072B25533ED400CD5E66 /* TopUpIconDisplayView.swift */; };
		C3B7072F2555C95A00CD5E66 /* PaymentMethodMigrationSelectionView.swift in Sources */ = {isa = PBXBuildFile; fileRef = C3B7072E2555C95A00CD5E66 /* PaymentMethodMigrationSelectionView.swift */; };
		C3B707322555E07800CD5E66 /* IntroScreenView.swift in Sources */ = {isa = PBXBuildFile; fileRef = C3B707312555E07800CD5E66 /* IntroScreenView.swift */; };
		C3B707362557026000CD5E66 /* AppleSignInButton.swift in Sources */ = {isa = PBXBuildFile; fileRef = C3B707352557026000CD5E66 /* AppleSignInButton.swift */; };
		C3B7073A2557031100CD5E66 /* SignInView.swift in Sources */ = {isa = PBXBuildFile; fileRef = C3B707392557031100CD5E66 /* SignInView.swift */; };
		C3CCD16A2549E2C500578B52 /* CategoryIconDisplayView.swift in Sources */ = {isa = PBXBuildFile; fileRef = C3CCD1692549E2C500578B52 /* CategoryIconDisplayView.swift */; };
		C3CCD16D2549E5F200578B52 /* WeeklyExpenseChartView.swift in Sources */ = {isa = PBXBuildFile; fileRef = C3CCD16C2549E5F200578B52 /* WeeklyExpenseChartView.swift */; };
		C3CCD171254A02E300578B52 /* TransactionDetailView.swift in Sources */ = {isa = PBXBuildFile; fileRef = C3CCD170254A02E300578B52 /* TransactionDetailView.swift */; };
		C3E2678D2550687600519784 /* BudgetDetailView.swift in Sources */ = {isa = PBXBuildFile; fileRef = C3E2678C2550687600519784 /* BudgetDetailView.swift */; };
		C3E2679525506DFD00519784 /* BudgetDatePickerView.swift in Sources */ = {isa = PBXBuildFile; fileRef = C3E2679425506DFD00519784 /* BudgetDatePickerView.swift */; };
		C3E267982550839E00519784 /* BudgetRingView.swift in Sources */ = {isa = PBXBuildFile; fileRef = C3E267972550839E00519784 /* BudgetRingView.swift */; };
		C3E2679B2551C80400519784 /* BudgetSettingsView.swift in Sources */ = {isa = PBXBuildFile; fileRef = C3E2679A2551C80400519784 /* BudgetSettingsView.swift */; };
		C3E7ED722543429D005A41BE /* CategoryType.swift in Sources */ = {isa = PBXBuildFile; fileRef = C3E7ED712543429D005A41BE /* CategoryType.swift */; };
		C3F77DC2251E733100CA68BB /* ProgressBar.swift in Sources */ = {isa = PBXBuildFile; fileRef = C3F77DC1251E733100CA68BB /* ProgressBar.swift */; };
		C3F77DC5251E7D4400CA68BB /* ReportDatePicker.swift in Sources */ = {isa = PBXBuildFile; fileRef = C3F77DC4251E7D4400CA68BB /* ReportDatePicker.swift */; };
		C3F77DC7251E870600CA68BB /* Buttons.swift in Sources */ = {isa = PBXBuildFile; fileRef = C3F77DC6251E870600CA68BB /* Buttons.swift */; };
/* End PBXBuildFile section */

/* Begin PBXFileReference section */
		C30958CC2541BCD6006C0CB5 /* NewCategoryView.swift */ = {isa = PBXFileReference; lastKnownFileType = sourcecode.swift; path = NewCategoryView.swift; sourceTree = "<group>"; };
		C30958CF2541C528006C0CB5 /* NewCategoryStyleView.swift */ = {isa = PBXFileReference; lastKnownFileType = sourcecode.swift; path = NewCategoryStyleView.swift; sourceTree = "<group>"; };
		C30958D22541CC82006C0CB5 /* EmojiTextField.swift */ = {isa = PBXFileReference; lastKnownFileType = sourcecode.swift; path = EmojiTextField.swift; sourceTree = "<group>"; };
		C31AE93E254B4017002B5A2F /* PieReportChartView.swift */ = {isa = PBXFileReference; lastKnownFileType = sourcecode.swift; path = PieReportChartView.swift; sourceTree = "<group>"; };
		C326DF73254D8A1C006B50D0 /* ReportPaymentMethodGroupingDetailView.swift */ = {isa = PBXFileReference; lastKnownFileType = sourcecode.swift; path = ReportPaymentMethodGroupingDetailView.swift; sourceTree = "<group>"; };
		C326DF76254D91BF006B50D0 /* ReportCategoryGroupingDetailView.swift */ = {isa = PBXFileReference; lastKnownFileType = sourcecode.swift; path = ReportCategoryGroupingDetailView.swift; sourceTree = "<group>"; };
		C326DF79254DB8D7006B50D0 /* AddBudgetView.swift */ = {isa = PBXFileReference; lastKnownFileType = sourcecode.swift; path = AddBudgetView.swift; sourceTree = "<group>"; };
		C326DF7C254DC224006B50D0 /* ConfigureBudgetView.swift */ = {isa = PBXFileReference; lastKnownFileType = sourcecode.swift; path = ConfigureBudgetView.swift; sourceTree = "<group>"; };
		C326DF7F254DCEDC006B50D0 /* BudgetFetcherOperation.swift */ = {isa = PBXFileReference; lastKnownFileType = sourcecode.swift; path = BudgetFetcherOperation.swift; sourceTree = "<group>"; };
		C32882562464894100F846DC /* Xpense.app */ = {isa = PBXFileReference; explicitFileType = wrapper.application; includeInIndex = 0; path = Xpense.app; sourceTree = BUILT_PRODUCTS_DIR; };
		C32882592464894100F846DC /* AppDelegate.swift */ = {isa = PBXFileReference; lastKnownFileType = sourcecode.swift; path = AppDelegate.swift; sourceTree = "<group>"; };
		C328825B2464894100F846DC /* SceneDelegate.swift */ = {isa = PBXFileReference; lastKnownFileType = sourcecode.swift; path = SceneDelegate.swift; sourceTree = "<group>"; };
		C328825D2464894100F846DC /* ContentView.swift */ = {isa = PBXFileReference; lastKnownFileType = sourcecode.swift; path = ContentView.swift; sourceTree = "<group>"; };
		C328825F2464894900F846DC /* Assets.xcassets */ = {isa = PBXFileReference; lastKnownFileType = folder.assetcatalog; path = Assets.xcassets; sourceTree = "<group>"; };
		C32882622464894900F846DC /* Preview Assets.xcassets */ = {isa = PBXFileReference; lastKnownFileType = folder.assetcatalog; path = "Preview Assets.xcassets"; sourceTree = "<group>"; };
		C32882652464894900F846DC /* Base */ = {isa = PBXFileReference; lastKnownFileType = file.storyboard; name = Base; path = Base.lproj/LaunchScreen.storyboard; sourceTree = "<group>"; };
		C32882672464894900F846DC /* Info.plist */ = {isa = PBXFileReference; lastKnownFileType = text.plist.xml; path = Info.plist; sourceTree = "<group>"; };
		C328826F246489FD00F846DC /* APIService.swift */ = {isa = PBXFileReference; fileEncoding = 4; lastKnownFileType = sourcecode.swift; path = APIService.swift; sourceTree = "<group>"; };
		C3288270246489FD00F846DC /* Util.swift */ = {isa = PBXFileReference; fileEncoding = 4; lastKnownFileType = sourcecode.swift; path = Util.swift; sourceTree = "<group>"; };
		C3288271246489FD00F846DC /* API.swift */ = {isa = PBXFileReference; fileEncoding = 4; lastKnownFileType = sourcecode.swift; path = API.swift; sourceTree = "<group>"; };
		C3288272246489FD00F846DC /* URLImage.swift */ = {isa = PBXFileReference; fileEncoding = 4; lastKnownFileType = sourcecode.swift; path = URLImage.swift; sourceTree = "<group>"; };
		C3288273246489FD00F846DC /* Design.swift */ = {isa = PBXFileReference; fileEncoding = 4; lastKnownFileType = sourcecode.swift; path = Design.swift; sourceTree = "<group>"; };
		C328827924648A3100F846DC /* XpenseView.swift */ = {isa = PBXFileReference; lastKnownFileType = sourcecode.swift; path = XpenseView.swift; sourceTree = "<group>"; };
		C328827B2469C3C400F846DC /* SwiftUIView.swift */ = {isa = PBXFileReference; lastKnownFileType = sourcecode.swift; path = SwiftUIView.swift; sourceTree = "<group>"; };
		C333A32525662D0200017374 /* CloudKit.framework */ = {isa = PBXFileReference; lastKnownFileType = wrapper.framework; name = CloudKit.framework; path = System/Library/Frameworks/CloudKit.framework; sourceTree = SDKROOT; };
		C3369D8A2532063100CA5647 /* CurrencyValue.swift */ = {isa = PBXFileReference; lastKnownFileType = sourcecode.swift; path = CurrencyValue.swift; sourceTree = "<group>"; };
		C3369D8E2532069000CA5647 /* DisplayCurrencyValue.swift */ = {isa = PBXFileReference; lastKnownFileType = sourcecode.swift; path = DisplayCurrencyValue.swift; sourceTree = "<group>"; };
		C3369D9D253212DF00CA5647 /* Financial.xcdatamodel */ = {isa = PBXFileReference; lastKnownFileType = wrapper.xcdatamodel; path = Financial.xcdatamodel; sourceTree = "<group>"; };
		C3369DA0253213EF00CA5647 /* PaymentMethodTypes.swift */ = {isa = PBXFileReference; lastKnownFileType = sourcecode.swift; path = PaymentMethodTypes.swift; sourceTree = "<group>"; };
		C3369DA42532152500CA5647 /* CoreDataManager.swift */ = {isa = PBXFileReference; lastKnownFileType = sourcecode.swift; path = CoreDataManager.swift; sourceTree = "<group>"; };
		C3369DA82532226000CA5647 /* CurrencyHelper.swift */ = {isa = PBXFileReference; lastKnownFileType = sourcecode.swift; path = CurrencyHelper.swift; sourceTree = "<group>"; };
		C3369DAD2532244F00CA5647 /* CreatePaymentMethodView.swift */ = {isa = PBXFileReference; lastKnownFileType = sourcecode.swift; path = CreatePaymentMethodView.swift; sourceTree = "<group>"; };
		C3369DB12532364300CA5647 /* ModalView.swift */ = {isa = PBXFileReference; lastKnownFileType = sourcecode.swift; path = ModalView.swift; sourceTree = "<group>"; };
		C3369DB52532499B00CA5647 /* CurrencyTextField.swift */ = {isa = PBXFileReference; lastKnownFileType = sourcecode.swift; path = CurrencyTextField.swift; sourceTree = "<group>"; };
		C3373EB02557081C0020C4CC /* XpenseDebug.entitlements */ = {isa = PBXFileReference; lastKnownFileType = text.plist.entitlements; path = XpenseDebug.entitlements; sourceTree = "<group>"; };
		C3373EB2255711CC0020C4CC /* PrivacyPolicyView.swift */ = {isa = PBXFileReference; lastKnownFileType = sourcecode.swift; path = PrivacyPolicyView.swift; sourceTree = "<group>"; };
		C3373EB62557126D0020C4CC /* PrivacyPolicy.html */ = {isa = PBXFileReference; fileEncoding = 4; lastKnownFileType = text.html; path = PrivacyPolicy.html; sourceTree = "<group>"; };
		C3373EB9255715EA0020C4CC /* SetupSecurityView.swift */ = {isa = PBXFileReference; lastKnownFileType = sourcecode.swift; path = SetupSecurityView.swift; sourceTree = "<group>"; };
		C3373EBD25571C910020C4CC /* MailView.swift */ = {isa = PBXFileReference; lastKnownFileType = sourcecode.swift; path = MailView.swift; sourceTree = "<group>"; };
		C3373EC025571DA10020C4CC /* FeedbackView.swift */ = {isa = PBXFileReference; lastKnownFileType = sourcecode.swift; path = FeedbackView.swift; sourceTree = "<group>"; };
		C352994725664E510092A9E8 /* XpenseRelease.entitlements */ = {isa = PBXFileReference; lastKnownFileType = text.plist.entitlements; path = XpenseRelease.entitlements; sourceTree = "<group>"; };
		C35D419C251F9D3800B45BD7 /* SettingsView.swift */ = {isa = PBXFileReference; lastKnownFileType = sourcecode.swift; path = SettingsView.swift; sourceTree = "<group>"; };
		C35D419F251FA96600B45BD7 /* CategoriesView.swift */ = {isa = PBXFileReference; lastKnownFileType = sourcecode.swift; path = CategoriesView.swift; sourceTree = "<group>"; };
		C35D41A2251FAAEE00B45BD7 /* CategoriesGrid.swift */ = {isa = PBXFileReference; lastKnownFileType = sourcecode.swift; path = CategoriesGrid.swift; sourceTree = "<group>"; };
		C35D41B02520F07F00B45BD7 /* AddExpenseView.swift */ = {isa = PBXFileReference; lastKnownFileType = sourcecode.swift; path = AddExpenseView.swift; sourceTree = "<group>"; };
		C35D41B4252CEA3800B45BD7 /* WalletView.swift */ = {isa = PBXFileReference; lastKnownFileType = sourcecode.swift; path = WalletView.swift; sourceTree = "<group>"; };
		C35D41B8252E37CF00B45BD7 /* CardListDetailView.swift */ = {isa = PBXFileReference; lastKnownFileType = sourcecode.swift; path = CardListDetailView.swift; sourceTree = "<group>"; };
		C35D41BB2531D60800B45BD7 /* TransactionCellView.swift */ = {isa = PBXFileReference; lastKnownFileType = sourcecode.swift; path = TransactionCellView.swift; sourceTree = "<group>"; };
		C363209A2552F33E00DBEC08 /* Constants.swift */ = {isa = PBXFileReference; lastKnownFileType = sourcecode.swift; path = Constants.swift; sourceTree = "<group>"; };
		C36320A02553041A00DBEC08 /* ReminderDetailView.swift */ = {isa = PBXFileReference; lastKnownFileType = sourcecode.swift; path = ReminderDetailView.swift; sourceTree = "<group>"; };
		C36320A425530E5000DBEC08 /* UserSettings.swift */ = {isa = PBXFileReference; lastKnownFileType = sourcecode.swift; path = UserSettings.swift; sourceTree = "<group>"; };
		C369F62525572A5A008712E0 /* TermsOfUseView.swift */ = {isa = PBXFileReference; lastKnownFileType = sourcecode.swift; path = TermsOfUseView.swift; sourceTree = "<group>"; };
		C369F62825572AA4008712E0 /* TermsOfUse.html */ = {isa = PBXFileReference; fileEncoding = 4; lastKnownFileType = text.html; path = TermsOfUse.html; sourceTree = "<group>"; };
		C369F62B255AE43D008712E0 /* GoogleService-Info.plist */ = {isa = PBXFileReference; fileEncoding = 4; lastKnownFileType = text.plist.xml; path = "GoogleService-Info.plist"; sourceTree = "<group>"; };
		C36D757E254E1069000596E2 /* KeyboardUtil.swift */ = {isa = PBXFileReference; lastKnownFileType = sourcecode.swift; path = KeyboardUtil.swift; sourceTree = "<group>"; };
		C380513025436E6000580A1E /* Persistence+CategorySeed.swift */ = {isa = PBXFileReference; lastKnownFileType = sourcecode.swift; path = "Persistence+CategorySeed.swift"; sourceTree = "<group>"; };
		C381C4B22544A557002DB1D7 /* DateFormat.swift */ = {isa = PBXFileReference; lastKnownFileType = sourcecode.swift; path = DateFormat.swift; sourceTree = "<group>"; };
		C381C4B52545D0B4002DB1D7 /* TransactionListView.swift */ = {isa = PBXFileReference; lastKnownFileType = sourcecode.swift; path = TransactionListView.swift; sourceTree = "<group>"; };
		C381C4D82549C973002DB1D7 /* ReportsView.swift */ = {isa = PBXFileReference; lastKnownFileType = sourcecode.swift; path = ReportsView.swift; sourceTree = "<group>"; };
		C38912052532BD4700A646AD /* Persistence.swift */ = {isa = PBXFileReference; fileEncoding = 4; lastKnownFileType = sourcecode.swift; path = Persistence.swift; sourceTree = "<group>"; };
		C389120E2540A5C700A646AD /* Common.swift */ = {isa = PBXFileReference; lastKnownFileType = sourcecode.swift; path = Common.swift; sourceTree = "<group>"; };
		C3B7072B25533ED400CD5E66 /* TopUpIconDisplayView.swift */ = {isa = PBXFileReference; lastKnownFileType = sourcecode.swift; path = TopUpIconDisplayView.swift; sourceTree = "<group>"; };
		C3B7072E2555C95A00CD5E66 /* PaymentMethodMigrationSelectionView.swift */ = {isa = PBXFileReference; lastKnownFileType = sourcecode.swift; path = PaymentMethodMigrationSelectionView.swift; sourceTree = "<group>"; };
		C3B707312555E07800CD5E66 /* IntroScreenView.swift */ = {isa = PBXFileReference; lastKnownFileType = sourcecode.swift; path = IntroScreenView.swift; sourceTree = "<group>"; };
		C3B707352557026000CD5E66 /* AppleSignInButton.swift */ = {isa = PBXFileReference; lastKnownFileType = sourcecode.swift; path = AppleSignInButton.swift; sourceTree = "<group>"; };
		C3B707392557031100CD5E66 /* SignInView.swift */ = {isa = PBXFileReference; lastKnownFileType = sourcecode.swift; path = SignInView.swift; sourceTree = "<group>"; };
		C3CCD1692549E2C500578B52 /* CategoryIconDisplayView.swift */ = {isa = PBXFileReference; lastKnownFileType = sourcecode.swift; path = CategoryIconDisplayView.swift; sourceTree = "<group>"; };
		C3CCD16C2549E5F200578B52 /* WeeklyExpenseChartView.swift */ = {isa = PBXFileReference; lastKnownFileType = sourcecode.swift; path = WeeklyExpenseChartView.swift; sourceTree = "<group>"; };
		C3CCD170254A02E300578B52 /* TransactionDetailView.swift */ = {isa = PBXFileReference; lastKnownFileType = sourcecode.swift; path = TransactionDetailView.swift; sourceTree = "<group>"; };
		C3E2678C2550687600519784 /* BudgetDetailView.swift */ = {isa = PBXFileReference; lastKnownFileType = sourcecode.swift; path = BudgetDetailView.swift; sourceTree = "<group>"; };
		C3E2679425506DFD00519784 /* BudgetDatePickerView.swift */ = {isa = PBXFileReference; lastKnownFileType = sourcecode.swift; path = BudgetDatePickerView.swift; sourceTree = "<group>"; };
		C3E267972550839E00519784 /* BudgetRingView.swift */ = {isa = PBXFileReference; lastKnownFileType = sourcecode.swift; path = BudgetRingView.swift; sourceTree = "<group>"; };
		C3E2679A2551C80400519784 /* BudgetSettingsView.swift */ = {isa = PBXFileReference; lastKnownFileType = sourcecode.swift; path = BudgetSettingsView.swift; sourceTree = "<group>"; };
		C3E7ED712543429D005A41BE /* CategoryType.swift */ = {isa = PBXFileReference; lastKnownFileType = sourcecode.swift; path = CategoryType.swift; sourceTree = "<group>"; };
		C3F77DC1251E733100CA68BB /* ProgressBar.swift */ = {isa = PBXFileReference; lastKnownFileType = sourcecode.swift; path = ProgressBar.swift; sourceTree = "<group>"; };
		C3F77DC4251E7D4400CA68BB /* ReportDatePicker.swift */ = {isa = PBXFileReference; lastKnownFileType = sourcecode.swift; path = ReportDatePicker.swift; sourceTree = "<group>"; };
		C3F77DC6251E870600CA68BB /* Buttons.swift */ = {isa = PBXFileReference; lastKnownFileType = sourcecode.swift; path = Buttons.swift; sourceTree = "<group>"; };
/* End PBXFileReference section */

/* Begin PBXFrameworksBuildPhase section */
		C32882532464894100F846DC /* Frameworks */ = {
			isa = PBXFrameworksBuildPhase;
			buildActionMask = 2147483647;
			files = (
				C369F631255AE6BD008712E0 /* FirebaseAnalytics in Frameworks */,
				C3A2342B254C95B2000B8A11 /* PartialSheet in Frameworks */,
				C3369DBB2532580B00CA5647 /* SPAlert in Frameworks */,
				C333A32625662D0200017374 /* CloudKit.framework in Frameworks */,
				C381C4CA254760BC002DB1D7 /* BarChart in Frameworks */,
				C381C4D625489C14002DB1D7 /* SwiftUICharts in Frameworks */,
				C369F633255AE6BD008712E0 /* FirebaseCrashlytics in Frameworks */,
				C389120B253E133000A646AD /* Introspect in Frameworks */,
				C35D41AA251FBC9000B45BD7 /* SFSafeSymbols in Frameworks */,
			);
			runOnlyForDeploymentPostprocessing = 0;
		};
/* End PBXFrameworksBuildPhase section */

/* Begin PBXGroup section */
		C328824D2464894100F846DC = {
			isa = PBXGroup;
			children = (
				C32882582464894100F846DC /* Xpense */,
				C32882572464894100F846DC /* Products */,
				C333A32425662D0200017374 /* Frameworks */,
			);
			sourceTree = "<group>";
		};
		C32882572464894100F846DC /* Products */ = {
			isa = PBXGroup;
			children = (
				C32882562464894100F846DC /* Xpense.app */,
			);
			name = Products;
			sourceTree = "<group>";
		};
		C32882582464894100F846DC /* Xpense */ = {
			isa = PBXGroup;
			children = (
				C352994725664E510092A9E8 /* XpenseRelease.entitlements */,
				C369F62B255AE43D008712E0 /* GoogleService-Info.plist */,
				C3373EB02557081C0020C4CC /* XpenseDebug.entitlements */,
				C32882672464894900F846DC /* Info.plist */,
				C32882592464894100F846DC /* AppDelegate.swift */,
				C38912052532BD4700A646AD /* Persistence.swift */,
				C328825B2464894100F846DC /* SceneDelegate.swift */,
				C328825F2464894900F846DC /* Assets.xcassets */,
				C3369DA3253214FD00CA5647 /* Core Data */,
				C32882642464894900F846DC /* LaunchScreen.storyboard */,
				C3373EB5255712460020C4CC /* Local Resource */,
				C35D418B251F92B400B45BD7 /* Models */,
				C32882612464894900F846DC /* Preview Content */,
				C328826E246489FD00F846DC /* Util */,
				C328826D246489C900F846DC /* Views */,
			);
			path = Xpense;
			sourceTree = "<group>";
		};
		C32882612464894900F846DC /* Preview Content */ = {
			isa = PBXGroup;
			children = (
				C32882622464894900F846DC /* Preview Assets.xcassets */,
			);
			path = "Preview Content";
			sourceTree = "<group>";
		};
		C328826D246489C900F846DC /* Views */ = {
			isa = PBXGroup;
			children = (
				C328825D2464894100F846DC /* ContentView.swift */,
				C3369DB02532363600CA5647 /* Util */,
				C35D41AD2520F05200B45BD7 /* Xpense */,
				C35D41B3252CEA2200B45BD7 /* Wallet */,
				C381C4BE254601ED002DB1D7 /* Reports */,
				C35D41AC2520F04000B45BD7 /* Settings */,
				C3F77DC3251E7AD200CA68BB /* Common */,
				C328827B2469C3C400F846DC /* SwiftUIView.swift */,
			);
			path = Views;
			sourceTree = "<group>";
		};
		C328826E246489FD00F846DC /* Util */ = {
			isa = PBXGroup;
			children = (
				C328826F246489FD00F846DC /* APIService.swift */,
				C3288270246489FD00F846DC /* Util.swift */,
				C3288271246489FD00F846DC /* API.swift */,
				C3288272246489FD00F846DC /* URLImage.swift */,
				C3288273246489FD00F846DC /* Design.swift */,
				C3F77DC1251E733100CA68BB /* ProgressBar.swift */,
				C3369DA82532226000CA5647 /* CurrencyHelper.swift */,
				C381C4B22544A557002DB1D7 /* DateFormat.swift */,
				C363209A2552F33E00DBEC08 /* Constants.swift */,
				C36320A425530E5000DBEC08 /* UserSettings.swift */,
			);
			path = Util;
			sourceTree = "<group>";
		};
		C333A32425662D0200017374 /* Frameworks */ = {
			isa = PBXGroup;
			children = (
				C333A32525662D0200017374 /* CloudKit.framework */,
			);
			name = Frameworks;
			sourceTree = "<group>";
		};
		C3369D8D2532067600CA5647 /* Financial */ = {
			isa = PBXGroup;
			children = (
				C3369D8A2532063100CA5647 /* CurrencyValue.swift */,
				C3369D8E2532069000CA5647 /* DisplayCurrencyValue.swift */,
				C3369DA0253213EF00CA5647 /* PaymentMethodTypes.swift */,
				C3E7ED712543429D005A41BE /* CategoryType.swift */,
			);
			path = Financial;
			sourceTree = "<group>";
		};
		C3369DA3253214FD00CA5647 /* Core Data */ = {
			isa = PBXGroup;
			children = (
				C3369D9C253212DF00CA5647 /* Financial.xcdatamodeld */,
				C3369DA42532152500CA5647 /* CoreDataManager.swift */,
				C380513025436E6000580A1E /* Persistence+CategorySeed.swift */,
				C326DF7F254DCEDC006B50D0 /* BudgetFetcherOperation.swift */,
			);
			path = "Core Data";
			sourceTree = "<group>";
		};
		C3369DB02532363600CA5647 /* Util */ = {
			isa = PBXGroup;
			children = (
				C3369DB12532364300CA5647 /* ModalView.swift */,
				C3369DB52532499B00CA5647 /* CurrencyTextField.swift */,
				C389120E2540A5C700A646AD /* Common.swift */,
				C30958D22541CC82006C0CB5 /* EmojiTextField.swift */,
				C36D757E254E1069000596E2 /* KeyboardUtil.swift */,
			);
			path = Util;
			sourceTree = "<group>";
		};
		C3373EB5255712460020C4CC /* Local Resource */ = {
			isa = PBXGroup;
			children = (
				C369F62825572AA4008712E0 /* TermsOfUse.html */,
				C3373EB62557126D0020C4CC /* PrivacyPolicy.html */,
			);
			path = "Local Resource";
			sourceTree = "<group>";
		};
		C35D418B251F92B400B45BD7 /* Models */ = {
			isa = PBXGroup;
			children = (
				C3369D8D2532067600CA5647 /* Financial */,
			);
			path = Models;
			sourceTree = "<group>";
		};
		C35D419A251F9CCC00B45BD7 /* Categories */ = {
			isa = PBXGroup;
			children = (
				C35D419F251FA96600B45BD7 /* CategoriesView.swift */,
				C35D41A2251FAAEE00B45BD7 /* CategoriesGrid.swift */,
				C30958CC2541BCD6006C0CB5 /* NewCategoryView.swift */,
				C30958CF2541C528006C0CB5 /* NewCategoryStyleView.swift */,
			);
			path = Categories;
			sourceTree = "<group>";
		};
		C35D41AC2520F04000B45BD7 /* Settings */ = {
			isa = PBXGroup;
			children = (
				C35D419A251F9CCC00B45BD7 /* Categories */,
				C35D419C251F9D3800B45BD7 /* SettingsView.swift */,
				C3E2679A2551C80400519784 /* BudgetSettingsView.swift */,
				C3373EB9255715EA0020C4CC /* SetupSecurityView.swift */,
				C3373EC025571DA10020C4CC /* FeedbackView.swift */,
			);
			path = Settings;
			sourceTree = "<group>";
		};
		C35D41AD2520F05200B45BD7 /* Xpense */ = {
			isa = PBXGroup;
			children = (
				C328827924648A3100F846DC /* XpenseView.swift */,
				C35D41AE2520F06000B45BD7 /* Add Expense */,
			);
			path = Xpense;
			sourceTree = "<group>";
		};
		C35D41AE2520F06000B45BD7 /* Add Expense */ = {
			isa = PBXGroup;
			children = (
				C35D41B02520F07F00B45BD7 /* AddExpenseView.swift */,
			);
			path = "Add Expense";
			sourceTree = "<group>";
		};
		C35D41B3252CEA2200B45BD7 /* Wallet */ = {
			isa = PBXGroup;
			children = (
				C35D41B4252CEA3800B45BD7 /* WalletView.swift */,
				C35D41B8252E37CF00B45BD7 /* CardListDetailView.swift */,
				C3B7072E2555C95A00CD5E66 /* PaymentMethodMigrationSelectionView.swift */,
			);
			path = Wallet;
			sourceTree = "<group>";
		};
		C381C4BE254601ED002DB1D7 /* Reports */ = {
			isa = PBXGroup;
			children = (
				C381C4D82549C973002DB1D7 /* ReportsView.swift */,
				C3CCD16C2549E5F200578B52 /* WeeklyExpenseChartView.swift */,
				C31AE93E254B4017002B5A2F /* PieReportChartView.swift */,
				C326DF73254D8A1C006B50D0 /* ReportPaymentMethodGroupingDetailView.swift */,
				C326DF76254D91BF006B50D0 /* ReportCategoryGroupingDetailView.swift */,
			);
			path = Reports;
			sourceTree = "<group>";
		};
		C3B707342557024500CD5E66 /* Sign In With Apple */ = {
			isa = PBXGroup;
			children = (
				C3B707352557026000CD5E66 /* AppleSignInButton.swift */,
				C3B707392557031100CD5E66 /* SignInView.swift */,
			);
			path = "Sign In With Apple";
			sourceTree = "<group>";
		};
		C3CCD173254A02E700578B52 /* Transactions */ = {
			isa = PBXGroup;
			children = (
				C35D41BB2531D60800B45BD7 /* TransactionCellView.swift */,
				C3CCD170254A02E300578B52 /* TransactionDetailView.swift */,
				C381C4B52545D0B4002DB1D7 /* TransactionListView.swift */,
			);
			path = Transactions;
			sourceTree = "<group>";
		};
		C3E2679225506DD000519784 /* Pickers */ = {
			isa = PBXGroup;
			children = (
				C3F77DC4251E7D4400CA68BB /* ReportDatePicker.swift */,
				C3E2679425506DFD00519784 /* BudgetDatePickerView.swift */,
			);
			path = Pickers;
			sourceTree = "<group>";
		};
		C3F77DC3251E7AD200CA68BB /* Common */ = {
			isa = PBXGroup;
			children = (
				C3B707342557024500CD5E66 /* Sign In With Apple */,
				C3E2679225506DD000519784 /* Pickers */,
				C3CCD173254A02E700578B52 /* Transactions */,
				C3F77DC6251E870600CA68BB /* Buttons.swift */,
				C3369DAD2532244F00CA5647 /* CreatePaymentMethodView.swift */,
				C3CCD1692549E2C500578B52 /* CategoryIconDisplayView.swift */,
				C326DF79254DB8D7006B50D0 /* AddBudgetView.swift */,
				C326DF7C254DC224006B50D0 /* ConfigureBudgetView.swift */,
				C3E2678C2550687600519784 /* BudgetDetailView.swift */,
				C3E267972550839E00519784 /* BudgetRingView.swift */,
				C36320A02553041A00DBEC08 /* ReminderDetailView.swift */,
				C3B7072B25533ED400CD5E66 /* TopUpIconDisplayView.swift */,
				C3B707312555E07800CD5E66 /* IntroScreenView.swift */,
				C3373EB2255711CC0020C4CC /* PrivacyPolicyView.swift */,
				C3373EBD25571C910020C4CC /* MailView.swift */,
				C369F62525572A5A008712E0 /* TermsOfUseView.swift */,
			);
			path = Common;
			sourceTree = "<group>";
		};
/* End PBXGroup section */

/* Begin PBXNativeTarget section */
		C32882552464894100F846DC /* Xpense */ = {
			isa = PBXNativeTarget;
			buildConfigurationList = C328826A2464894900F846DC /* Build configuration list for PBXNativeTarget "Xpense" */;
			buildPhases = (
				C32882522464894100F846DC /* Sources */,
				C32882532464894100F846DC /* Frameworks */,
				C32882542464894100F846DC /* Resources */,
			);
			buildRules = (
			);
			dependencies = (
			);
			name = Xpense;
			packageProductDependencies = (
				C35D41A9251FBC9000B45BD7 /* SFSafeSymbols */,
				C3369DBA2532580B00CA5647 /* SPAlert */,
				C389120A253E133000A646AD /* Introspect */,
				C381C4C9254760BC002DB1D7 /* BarChart */,
				C381C4D525489C14002DB1D7 /* SwiftUICharts */,
				C3A2342A254C95B2000B8A11 /* PartialSheet */,
				C369F630255AE6BD008712E0 /* FirebaseAnalytics */,
				C369F632255AE6BD008712E0 /* FirebaseCrashlytics */,
			);
			productName = Xpense;
			productReference = C32882562464894100F846DC /* Xpense.app */;
			productType = "com.apple.product-type.application";
		};
/* End PBXNativeTarget section */

/* Begin PBXProject section */
		C328824E2464894100F846DC /* Project object */ = {
			isa = PBXProject;
			attributes = {
				LastSwiftUpdateCheck = 1140;
				LastUpgradeCheck = 1200;
				ORGANIZATIONNAME = "Teddy Santya";
				TargetAttributes = {
					C32882552464894100F846DC = {
						CreatedOnToolsVersion = 11.4.1;
					};
				};
			};
			buildConfigurationList = C32882512464894100F846DC /* Build configuration list for PBXProject "Xpense" */;
			compatibilityVersion = "Xcode 9.3";
			developmentRegion = en;
			hasScannedForEncodings = 0;
			knownRegions = (
				en,
				Base,
			);
			mainGroup = C328824D2464894100F846DC;
			packageReferences = (
				C35D41A8251FBC9000B45BD7 /* XCRemoteSwiftPackageReference "SFSafeSymbols" */,
				C3369DB92532580A00CA5647 /* XCRemoteSwiftPackageReference "SPAlert" */,
				C3891209253E133000A646AD /* XCRemoteSwiftPackageReference "SwiftUI-Introspect" */,
				C381C4C8254760BC002DB1D7 /* XCRemoteSwiftPackageReference "BarChart" */,
				C381C4D425489C14002DB1D7 /* XCRemoteSwiftPackageReference "ChartView" */,
				C3A23429254C95B2000B8A11 /* XCRemoteSwiftPackageReference "PartialSheet" */,
				C369F62F255AE6BD008712E0 /* XCRemoteSwiftPackageReference "firebase-ios-sdk" */,
			);
			productRefGroup = C32882572464894100F846DC /* Products */;
			projectDirPath = "";
			projectRoot = "";
			targets = (
				C32882552464894100F846DC /* Xpense */,
			);
		};
/* End PBXProject section */

/* Begin PBXResourcesBuildPhase section */
		C32882542464894100F846DC /* Resources */ = {
			isa = PBXResourcesBuildPhase;
			buildActionMask = 2147483647;
			files = (
				C369F62925572AA4008712E0 /* TermsOfUse.html in Resources */,
				C32882662464894900F846DC /* LaunchScreen.storyboard in Resources */,
				C32882632464894900F846DC /* Preview Assets.xcassets in Resources */,
				C32882602464894900F846DC /* Assets.xcassets in Resources */,
				C3373EB72557126D0020C4CC /* PrivacyPolicy.html in Resources */,
				C369F62C255AE43D008712E0 /* GoogleService-Info.plist in Resources */,
			);
			runOnlyForDeploymentPostprocessing = 0;
		};
/* End PBXResourcesBuildPhase section */

/* Begin PBXSourcesBuildPhase section */
		C32882522464894100F846DC /* Sources */ = {
			isa = PBXSourcesBuildPhase;
			buildActionMask = 2147483647;
			files = (
				C3369D8B2532063100CA5647 /* CurrencyValue.swift in Sources */,
				C3F77DC7251E870600CA68BB /* Buttons.swift in Sources */,
				C326DF80254DCEDC006B50D0 /* BudgetFetcherOperation.swift in Sources */,
				C3288277246489FD00F846DC /* URLImage.swift in Sources */,
				C3F77DC2251E733100CA68BB /* ProgressBar.swift in Sources */,
				C369F62625572A5A008712E0 /* TermsOfUseView.swift in Sources */,
				C381C4B32544A557002DB1D7 /* DateFormat.swift in Sources */,
				C3E2679B2551C80400519784 /* BudgetSettingsView.swift in Sources */,
				C3369DA92532226000CA5647 /* CurrencyHelper.swift in Sources */,
				C35D41B5252CEA3900B45BD7 /* WalletView.swift in Sources */,
				C3288278246489FD00F846DC /* Design.swift in Sources */,
				C326DF77254D91BF006B50D0 /* ReportCategoryGroupingDetailView.swift in Sources */,
				C328825A2464894100F846DC /* AppDelegate.swift in Sources */,
				C3E2679525506DFD00519784 /* BudgetDatePickerView.swift in Sources */,
				C3B7072F2555C95A00CD5E66 /* PaymentMethodMigrationSelectionView.swift in Sources */,
				C3F77DC5251E7D4400CA68BB /* ReportDatePicker.swift in Sources */,
				C3B707322555E07800CD5E66 /* IntroScreenView.swift in Sources */,
				C36D757F254E106A000596E2 /* KeyboardUtil.swift in Sources */,
				C328825C2464894100F846DC /* SceneDelegate.swift in Sources */,
				C35D41B9252E37D100B45BD7 /* CardListDetailView.swift in Sources */,
				C35D419D251F9D3800B45BD7 /* SettingsView.swift in Sources */,
				C3369DB62532499B00CA5647 /* CurrencyTextField.swift in Sources */,
				C30958D02541C528006C0CB5 /* NewCategoryStyleView.swift in Sources */,
				C326DF74254D8A1C006B50D0 /* ReportPaymentMethodGroupingDetailView.swift in Sources */,
				C381C4B62545D0B4002DB1D7 /* TransactionListView.swift in Sources */,
				C3373EBE25571C910020C4CC /* MailView.swift in Sources */,
				C35D41A0251FA96600B45BD7 /* CategoriesView.swift in Sources */,
				C326DF7A254DB8D7006B50D0 /* AddBudgetView.swift in Sources */,
				C3CCD171254A02E300578B52 /* TransactionDetailView.swift in Sources */,
				C3E267982550839E00519784 /* BudgetRingView.swift in Sources */,
				C3369D8F2532069000CA5647 /* DisplayCurrencyValue.swift in Sources */,
				C3369DAE2532244F00CA5647 /* CreatePaymentMethodView.swift in Sources */,
				C3B7073A2557031100CD5E66 /* SignInView.swift in Sources */,
				C36320A525530E5000DBEC08 /* UserSettings.swift in Sources */,
				C3E7ED722543429D005A41BE /* CategoryType.swift in Sources */,
				C389120F2540A5C700A646AD /* Common.swift in Sources */,
				C35D41B12520F07F00B45BD7 /* AddExpenseView.swift in Sources */,
				C35D41BC2531D60900B45BD7 /* TransactionCellView.swift in Sources */,
				C3369DA1253213EF00CA5647 /* PaymentMethodTypes.swift in Sources */,
				C326DF7D254DC224006B50D0 /* ConfigureBudgetView.swift in Sources */,
				C381C4D92549C973002DB1D7 /* ReportsView.swift in Sources */,
				C30958CD2541BCD6006C0CB5 /* NewCategoryView.swift in Sources */,
				C3E2678D2550687600519784 /* BudgetDetailView.swift in Sources */,
				C31AE93F254B4017002B5A2F /* PieReportChartView.swift in Sources */,
				C3CCD16A2549E2C500578B52 /* CategoryIconDisplayView.swift in Sources */,
				C3CCD16D2549E5F200578B52 /* WeeklyExpenseChartView.swift in Sources */,
				C328827C2469C3C400F846DC /* SwiftUIView.swift in Sources */,
				C380513125436E6000580A1E /* Persistence+CategorySeed.swift in Sources */,
				C328827A24648A3100F846DC /* XpenseView.swift in Sources */,
				C35D41A3251FAAEE00B45BD7 /* CategoriesGrid.swift in Sources */,
				C363209B2552F33E00DBEC08 /* Constants.swift in Sources */,
				C3369DA52532152500CA5647 /* CoreDataManager.swift in Sources */,
				C36320A12553041A00DBEC08 /* ReminderDetailView.swift in Sources */,
				C3373EC125571DA10020C4CC /* FeedbackView.swift in Sources */,
				C3369D9E253212DF00CA5647 /* Financial.xcdatamodeld in Sources */,
				C3288275246489FD00F846DC /* Util.swift in Sources */,
				C3373EBA255715EA0020C4CC /* SetupSecurityView.swift in Sources */,
				C30958D32541CC82006C0CB5 /* EmojiTextField.swift in Sources */,
				C3288274246489FD00F846DC /* APIService.swift in Sources */,
				C3B7072C25533ED400CD5E66 /* TopUpIconDisplayView.swift in Sources */,
				C3373EB3255711CC0020C4CC /* PrivacyPolicyView.swift in Sources */,
				C3B707362557026000CD5E66 /* AppleSignInButton.swift in Sources */,
				C3288276246489FD00F846DC /* API.swift in Sources */,
				C3369DB22532364300CA5647 /* ModalView.swift in Sources */,
				C328825E2464894100F846DC /* ContentView.swift in Sources */,
				C38912062532BD4700A646AD /* Persistence.swift in Sources */,
			);
			runOnlyForDeploymentPostprocessing = 0;
		};
/* End PBXSourcesBuildPhase section */

/* Begin PBXVariantGroup section */
		C32882642464894900F846DC /* LaunchScreen.storyboard */ = {
			isa = PBXVariantGroup;
			children = (
				C32882652464894900F846DC /* Base */,
			);
			name = LaunchScreen.storyboard;
			sourceTree = "<group>";
		};
/* End PBXVariantGroup section */

/* Begin XCBuildConfiguration section */
		C32882682464894900F846DC /* Debug */ = {
			isa = XCBuildConfiguration;
			buildSettings = {
				ALWAYS_SEARCH_USER_PATHS = NO;
				CLANG_ANALYZER_NONNULL = YES;
				CLANG_ANALYZER_NUMBER_OBJECT_CONVERSION = YES_AGGRESSIVE;
				CLANG_CXX_LANGUAGE_STANDARD = "gnu++14";
				CLANG_CXX_LIBRARY = "libc++";
				CLANG_ENABLE_MODULES = YES;
				CLANG_ENABLE_OBJC_ARC = YES;
				CLANG_ENABLE_OBJC_WEAK = YES;
				CLANG_WARN_BLOCK_CAPTURE_AUTORELEASING = YES;
				CLANG_WARN_BOOL_CONVERSION = YES;
				CLANG_WARN_COMMA = YES;
				CLANG_WARN_CONSTANT_CONVERSION = YES;
				CLANG_WARN_DEPRECATED_OBJC_IMPLEMENTATIONS = YES;
				CLANG_WARN_DIRECT_OBJC_ISA_USAGE = YES_ERROR;
				CLANG_WARN_DOCUMENTATION_COMMENTS = YES;
				CLANG_WARN_EMPTY_BODY = YES;
				CLANG_WARN_ENUM_CONVERSION = YES;
				CLANG_WARN_INFINITE_RECURSION = YES;
				CLANG_WARN_INT_CONVERSION = YES;
				CLANG_WARN_NON_LITERAL_NULL_CONVERSION = YES;
				CLANG_WARN_OBJC_IMPLICIT_RETAIN_SELF = YES;
				CLANG_WARN_OBJC_LITERAL_CONVERSION = YES;
				CLANG_WARN_OBJC_ROOT_CLASS = YES_ERROR;
				CLANG_WARN_QUOTED_INCLUDE_IN_FRAMEWORK_HEADER = YES;
				CLANG_WARN_RANGE_LOOP_ANALYSIS = YES;
				CLANG_WARN_STRICT_PROTOTYPES = YES;
				CLANG_WARN_SUSPICIOUS_MOVE = YES;
				CLANG_WARN_UNGUARDED_AVAILABILITY = YES_AGGRESSIVE;
				CLANG_WARN_UNREACHABLE_CODE = YES;
				CLANG_WARN__DUPLICATE_METHOD_MATCH = YES;
				COPY_PHASE_STRIP = NO;
				DEBUG_INFORMATION_FORMAT = dwarf;
				ENABLE_STRICT_OBJC_MSGSEND = YES;
				ENABLE_TESTABILITY = YES;
				GCC_C_LANGUAGE_STANDARD = gnu11;
				GCC_DYNAMIC_NO_PIC = NO;
				GCC_NO_COMMON_BLOCKS = YES;
				GCC_OPTIMIZATION_LEVEL = 0;
				GCC_PREPROCESSOR_DEFINITIONS = (
					"DEBUG=1",
					"$(inherited)",
				);
				GCC_WARN_64_TO_32_BIT_CONVERSION = YES;
				GCC_WARN_ABOUT_RETURN_TYPE = YES_ERROR;
				GCC_WARN_UNDECLARED_SELECTOR = YES;
				GCC_WARN_UNINITIALIZED_AUTOS = YES_AGGRESSIVE;
				GCC_WARN_UNUSED_FUNCTION = YES;
				GCC_WARN_UNUSED_VARIABLE = YES;
				IPHONEOS_DEPLOYMENT_TARGET = 13.4;
				MTL_ENABLE_DEBUG_INFO = INCLUDE_SOURCE;
				MTL_FAST_MATH = YES;
				ONLY_ACTIVE_ARCH = YES;
				SDKROOT = iphoneos;
				SWIFT_ACTIVE_COMPILATION_CONDITIONS = DEBUG;
				SWIFT_OPTIMIZATION_LEVEL = "-Onone";
			};
			name = Debug;
		};
		C32882692464894900F846DC /* Release */ = {
			isa = XCBuildConfiguration;
			buildSettings = {
				ALWAYS_SEARCH_USER_PATHS = NO;
				CLANG_ANALYZER_NONNULL = YES;
				CLANG_ANALYZER_NUMBER_OBJECT_CONVERSION = YES_AGGRESSIVE;
				CLANG_CXX_LANGUAGE_STANDARD = "gnu++14";
				CLANG_CXX_LIBRARY = "libc++";
				CLANG_ENABLE_MODULES = YES;
				CLANG_ENABLE_OBJC_ARC = YES;
				CLANG_ENABLE_OBJC_WEAK = YES;
				CLANG_WARN_BLOCK_CAPTURE_AUTORELEASING = YES;
				CLANG_WARN_BOOL_CONVERSION = YES;
				CLANG_WARN_COMMA = YES;
				CLANG_WARN_CONSTANT_CONVERSION = YES;
				CLANG_WARN_DEPRECATED_OBJC_IMPLEMENTATIONS = YES;
				CLANG_WARN_DIRECT_OBJC_ISA_USAGE = YES_ERROR;
				CLANG_WARN_DOCUMENTATION_COMMENTS = YES;
				CLANG_WARN_EMPTY_BODY = YES;
				CLANG_WARN_ENUM_CONVERSION = YES;
				CLANG_WARN_INFINITE_RECURSION = YES;
				CLANG_WARN_INT_CONVERSION = YES;
				CLANG_WARN_NON_LITERAL_NULL_CONVERSION = YES;
				CLANG_WARN_OBJC_IMPLICIT_RETAIN_SELF = YES;
				CLANG_WARN_OBJC_LITERAL_CONVERSION = YES;
				CLANG_WARN_OBJC_ROOT_CLASS = YES_ERROR;
				CLANG_WARN_QUOTED_INCLUDE_IN_FRAMEWORK_HEADER = YES;
				CLANG_WARN_RANGE_LOOP_ANALYSIS = YES;
				CLANG_WARN_STRICT_PROTOTYPES = YES;
				CLANG_WARN_SUSPICIOUS_MOVE = YES;
				CLANG_WARN_UNGUARDED_AVAILABILITY = YES_AGGRESSIVE;
				CLANG_WARN_UNREACHABLE_CODE = YES;
				CLANG_WARN__DUPLICATE_METHOD_MATCH = YES;
				COPY_PHASE_STRIP = NO;
				DEBUG_INFORMATION_FORMAT = "dwarf-with-dsym";
				ENABLE_NS_ASSERTIONS = NO;
				ENABLE_STRICT_OBJC_MSGSEND = YES;
				GCC_C_LANGUAGE_STANDARD = gnu11;
				GCC_NO_COMMON_BLOCKS = YES;
				GCC_WARN_64_TO_32_BIT_CONVERSION = YES;
				GCC_WARN_ABOUT_RETURN_TYPE = YES_ERROR;
				GCC_WARN_UNDECLARED_SELECTOR = YES;
				GCC_WARN_UNINITIALIZED_AUTOS = YES_AGGRESSIVE;
				GCC_WARN_UNUSED_FUNCTION = YES;
				GCC_WARN_UNUSED_VARIABLE = YES;
				IPHONEOS_DEPLOYMENT_TARGET = 13.4;
				MTL_ENABLE_DEBUG_INFO = NO;
				MTL_FAST_MATH = YES;
				SDKROOT = iphoneos;
				SWIFT_COMPILATION_MODE = wholemodule;
				SWIFT_OPTIMIZATION_LEVEL = "-O";
				VALIDATE_PRODUCT = YES;
			};
			name = Release;
		};
		C328826B2464894900F846DC /* Debug */ = {
			isa = XCBuildConfiguration;
			buildSettings = {
				ASSETCATALOG_COMPILER_APPICON_NAME = AppIcon;
				CODE_SIGN_ENTITLEMENTS = Xpense/XpenseDebug.entitlements;
				CODE_SIGN_STYLE = Automatic;
				CURRENT_PROJECT_VERSION = 7;
				DEVELOPMENT_ASSET_PATHS = "\"Xpense/Preview Content\"";
				DEVELOPMENT_TEAM = MQ3AEKK6HW;
				ENABLE_PREVIEWS = YES;
				INFOPLIST_FILE = Xpense/Info.plist;
				IPHONEOS_DEPLOYMENT_TARGET = 14.0;
				LD_RUNPATH_SEARCH_PATHS = (
					"$(inherited)",
					"@executable_path/Frameworks",
				);
				MARKETING_VERSION = 1.0.0;
				OTHER_LDFLAGS = "-ObjC";
				PRODUCT_BUNDLE_IDENTIFIER = com.santya.xpense;
				PRODUCT_NAME = "$(TARGET_NAME)";
				SWIFT_VERSION = 5.0;
				TARGETED_DEVICE_FAMILY = "1,2";
			};
			name = Debug;
		};
		C328826C2464894900F846DC /* Release */ = {
			isa = XCBuildConfiguration;
			buildSettings = {
				ASSETCATALOG_COMPILER_APPICON_NAME = AppIcon;
				CODE_SIGN_ENTITLEMENTS = Xpense/XpenseRelease.entitlements;
				CODE_SIGN_STYLE = Automatic;
				CURRENT_PROJECT_VERSION = 7;
				DEVELOPMENT_ASSET_PATHS = "\"Xpense/Preview Content\"";
				DEVELOPMENT_TEAM = MQ3AEKK6HW;
				ENABLE_PREVIEWS = YES;
				INFOPLIST_FILE = Xpense/Info.plist;
				IPHONEOS_DEPLOYMENT_TARGET = 14.0;
				LD_RUNPATH_SEARCH_PATHS = (
					"$(inherited)",
					"@executable_path/Frameworks",
				);
				MARKETING_VERSION = 1.0.0;
				OTHER_LDFLAGS = "-ObjC";
				PRODUCT_BUNDLE_IDENTIFIER = com.santya.xpense;
				PRODUCT_NAME = "$(TARGET_NAME)";
				SWIFT_VERSION = 5.0;
				TARGETED_DEVICE_FAMILY = "1,2";
			};
			name = Release;
		};
/* End XCBuildConfiguration section */

/* Begin XCConfigurationList section */
		C32882512464894100F846DC /* Build configuration list for PBXProject "Xpense" */ = {
			isa = XCConfigurationList;
			buildConfigurations = (
				C32882682464894900F846DC /* Debug */,
				C32882692464894900F846DC /* Release */,
			);
			defaultConfigurationIsVisible = 0;
			defaultConfigurationName = Release;
		};
		C328826A2464894900F846DC /* Build configuration list for PBXNativeTarget "Xpense" */ = {
			isa = XCConfigurationList;
			buildConfigurations = (
				C328826B2464894900F846DC /* Debug */,
				C328826C2464894900F846DC /* Release */,
			);
			defaultConfigurationIsVisible = 0;
			defaultConfigurationName = Release;
		};
/* End XCConfigurationList section */

/* Begin XCRemoteSwiftPackageReference section */
		C3369DB92532580A00CA5647 /* XCRemoteSwiftPackageReference "SPAlert" */ = {
			isa = XCRemoteSwiftPackageReference;
			repositoryURL = "https://github.com/ivanvorobei/SPAlert";
			requirement = {
				kind = upToNextMajorVersion;
				minimumVersion = 2.1.4;
			};
		};
		C35D41A8251FBC9000B45BD7 /* XCRemoteSwiftPackageReference "SFSafeSymbols" */ = {
			isa = XCRemoteSwiftPackageReference;
			repositoryURL = "https://github.com/piknotech/SFSafeSymbols.git";
			requirement = {
				kind = upToNextMajorVersion;
				minimumVersion = 1.2.0;
			};
		};
		C369F62F255AE6BD008712E0 /* XCRemoteSwiftPackageReference "firebase-ios-sdk" */ = {
			isa = XCRemoteSwiftPackageReference;
			repositoryURL = "https://github.com/firebase/firebase-ios-sdk";
			requirement = {
				kind = upToNextMajorVersion;
				minimumVersion = 7.0.0;
			};
		};
		C381C4C8254760BC002DB1D7 /* XCRemoteSwiftPackageReference "BarChart" */ = {
			isa = XCRemoteSwiftPackageReference;
			repositoryURL = "https://github.com/dawigr/BarChart.git";
			requirement = {
				kind = upToNextMajorVersion;
				minimumVersion = 1.3.0;
			};
		};
		C381C4D425489C14002DB1D7 /* XCRemoteSwiftPackageReference "ChartView" */ = {
			isa = XCRemoteSwiftPackageReference;
			repositoryURL = "https://github.com/AppPear/ChartView";
			requirement = {
				branch = "2.0.0-beta.1";
				kind = branch;
			};
		};
		C3891209253E133000A646AD /* XCRemoteSwiftPackageReference "SwiftUI-Introspect" */ = {
			isa = XCRemoteSwiftPackageReference;
			repositoryURL = "https://github.com/siteline/SwiftUI-Introspect.git";
			requirement = {
				kind = upToNextMajorVersion;
				minimumVersion = 0.1.0;
			};
		};
		C3A23429254C95B2000B8A11 /* XCRemoteSwiftPackageReference "PartialSheet" */ = {
			isa = XCRemoteSwiftPackageReference;
			repositoryURL = "https://github.com/AndreaMiotto/PartialSheet.git";
			requirement = {
				kind = upToNextMajorVersion;
				minimumVersion = 2.1.11;
			};
		};
/* End XCRemoteSwiftPackageReference section */

/* Begin XCSwiftPackageProductDependency section */
		C3369DBA2532580B00CA5647 /* SPAlert */ = {
			isa = XCSwiftPackageProductDependency;
			package = C3369DB92532580A00CA5647 /* XCRemoteSwiftPackageReference "SPAlert" */;
			productName = SPAlert;
		};
		C35D41A9251FBC9000B45BD7 /* SFSafeSymbols */ = {
			isa = XCSwiftPackageProductDependency;
			package = C35D41A8251FBC9000B45BD7 /* XCRemoteSwiftPackageReference "SFSafeSymbols" */;
			productName = SFSafeSymbols;
		};
		C369F630255AE6BD008712E0 /* FirebaseAnalytics */ = {
			isa = XCSwiftPackageProductDependency;
			package = C369F62F255AE6BD008712E0 /* XCRemoteSwiftPackageReference "firebase-ios-sdk" */;
			productName = FirebaseAnalytics;
		};
		C369F632255AE6BD008712E0 /* FirebaseCrashlytics */ = {
			isa = XCSwiftPackageProductDependency;
			package = C369F62F255AE6BD008712E0 /* XCRemoteSwiftPackageReference "firebase-ios-sdk" */;
			productName = FirebaseCrashlytics;
		};
		C381C4C9254760BC002DB1D7 /* BarChart */ = {
			isa = XCSwiftPackageProductDependency;
			package = C381C4C8254760BC002DB1D7 /* XCRemoteSwiftPackageReference "BarChart" */;
			productName = BarChart;
		};
		C381C4D525489C14002DB1D7 /* SwiftUICharts */ = {
			isa = XCSwiftPackageProductDependency;
			package = C381C4D425489C14002DB1D7 /* XCRemoteSwiftPackageReference "ChartView" */;
			productName = SwiftUICharts;
		};
		C389120A253E133000A646AD /* Introspect */ = {
			isa = XCSwiftPackageProductDependency;
			package = C3891209253E133000A646AD /* XCRemoteSwiftPackageReference "SwiftUI-Introspect" */;
			productName = Introspect;
		};
		C3A2342A254C95B2000B8A11 /* PartialSheet */ = {
			isa = XCSwiftPackageProductDependency;
			package = C3A23429254C95B2000B8A11 /* XCRemoteSwiftPackageReference "PartialSheet" */;
			productName = PartialSheet;
		};
/* End XCSwiftPackageProductDependency section */

/* Begin XCVersionGroup section */
		C3369D9C253212DF00CA5647 /* Financial.xcdatamodeld */ = {
			isa = XCVersionGroup;
			children = (
				C3369D9D253212DF00CA5647 /* Financial.xcdatamodel */,
			);
			currentVersion = C3369D9D253212DF00CA5647 /* Financial.xcdatamodel */;
			path = Financial.xcdatamodeld;
			sourceTree = "<group>";
			versionGroupType = wrapper.xcdatamodel;
		};
/* End XCVersionGroup section */
	};
	rootObject = C328824E2464894100F846DC /* Project object */;
}
